
Microsoft Visual Studio Solution File, Format Version 12.00
# Visual Studio Version 17
VisualStudioVersion = 17.13.35919.96
MinimumVisualStudioVersion = 10.0.40219.1
Project("{FAE04EC0-301F-11D3-BF4B-00C04F79EFBC}") = "Foraria", "Foraria\Foraria.csproj", "{7BE1E849-07FE-492E-8731-477E6A06AF4A}"
EndProject
Project("{FAE04EC0-301F-11D3-BF4B-00C04F79EFBC}") = "ForariaTest", "ForariaTest\ForariaTest.csproj", "{C24C0CF2-DFD4-43EA-9285-471F1252F919}"
EndProject
Project("{FAE04EC0-301F-11D3-BF4B-00C04F79EFBC}") = "ForariaDomain", "ForariaDomain\ForariaDomain.csproj", "{43D75E14-E410-4E89-8040-E03FE26208E6}"
EndProject
Project("{FAE04EC0-301F-11D3-BF4B-00C04F79EFBC}") = "Foraria.Infrastructure", "Foraria.Infrastructure\Foraria.Infrastructure.csproj", "{5B7C6659-69ED-C9B4-4B55-8CD3F5974508}"
EndProject
Project("{2150E333-8FDC-42A3-9474-1A3956D46DE8}") = "ps1", "ps1", "{D107F4C8-89CC-BEA8-D3D7-CA6B7733353D}"
	ProjectSection(SolutionItems) = preProject
		run-coverage.ps1 = run-coverage.ps1
	EndProjectSection
EndProject
Global
	GlobalSection(SolutionConfigurationPlatforms) = preSolution
		Debug|Any CPU = Debug|Any CPU
		Release|Any CPU = Release|Any CPU
	EndGlobalSection
	GlobalSection(ProjectConfigurationPlatforms) = postSolution
		{7BE1E849-07FE-492E-8731-477E6A06AF4A}.Debug|Any CPU.ActiveCfg = Debug|Any CPU
		{7BE1E849-07FE-492E-8731-477E6A06AF4A}.Debug|Any CPU.Build.0 = Debug|Any CPU
		{7BE1E849-07FE-492E-8731-477E6A06AF4A}.Release|Any CPU.ActiveCfg = Release|Any CPU
		{7BE1E849-07FE-492E-8731-477E6A06AF4A}.Release|Any CPU.Build.0 = Release|Any CPU
		{C24C0CF2-DFD4-43EA-9285-471F1252F919}.Debug|Any CPU.ActiveCfg = Debug|Any CPU
		{C24C0CF2-DFD4-43EA-9285-471F1252F919}.Debug|Any CPU.Build.0 = Debug|Any CPU
		{C24C0CF2-DFD4-43EA-9285-471F1252F919}.Release|Any CPU.ActiveCfg = Release|Any CPU
		{C24C0CF2-DFD4-43EA-9285-471F1252F919}.Release|Any CPU.Build.0 = Release|Any CPU
		{43D75E14-E410-4E89-8040-E03FE26208E6}.Debug|Any CPU.ActiveCfg = Debug|Any CPU
		{43D75E14-E410-4E89-8040-E03FE26208E6}.Debug|Any CPU.Build.0 = Debug|Any CPU
		{43D75E14-E410-4E89-8040-E03FE26208E6}.Release|Any CPU.ActiveCfg = Release|Any CPU
		{43D75E14-E410-4E89-8040-E03FE26208E6}.Release|Any CPU.Build.0 = Release|Any CPU
		{5B7C6659-69ED-C9B4-4B55-8CD3F5974508}.Debug|Any CPU.ActiveCfg = Debug|Any CPU
		{5B7C6659-69ED-C9B4-4B55-8CD3F5974508}.Debug|Any CPU.Build.0 = Debug|Any CPU
		{5B7C6659-69ED-C9B4-4B55-8CD3F5974508}.Release|Any CPU.ActiveCfg = Release|Any CPU
		{5B7C6659-69ED-C9B4-4B55-8CD3F5974508}.Release|Any CPU.Build.0 = Release|Any CPU
	EndGlobalSection
	GlobalSection(SolutionProperties) = preSolution
		HideSolutionNode = FALSE
	EndGlobalSection
	GlobalSection(ExtensibilityGlobals) = postSolution
		SolutionGuid = {E41DAE15-CB70-4560-A953-FAD8F56C5E6B}
	EndGlobalSection
EndGlobal
